// !$*UTF8*$!
{
	archiveVersion = 1;
	classes = {
	};
	objectVersion = 51;
	objects = {

/* Begin PBXBuildFile section */
		B67DE5EA25040DF30050C204 /* AppDelegate.swift in Sources */ = {isa = PBXBuildFile; fileRef = B67DE5E925040DF30050C204 /* AppDelegate.swift */; };
		B67DE5EC25040DF30050C204 /* SceneDelegate.swift in Sources */ = {isa = PBXBuildFile; fileRef = B67DE5EB25040DF30050C204 /* SceneDelegate.swift */; };
		B67DE5EE25040DF30050C204 /* ViewController.swift in Sources */ = {isa = PBXBuildFile; fileRef = B67DE5ED25040DF30050C204 /* ViewController.swift */; };
		B67DE5F125040DF30050C204 /* Main.storyboard in Resources */ = {isa = PBXBuildFile; fileRef = B67DE5EF25040DF30050C204 /* Main.storyboard */; };
		B67DE5F325040DF60050C204 /* Assets.xcassets in Resources */ = {isa = PBXBuildFile; fileRef = B67DE5F225040DF60050C204 /* Assets.xcassets */; };
		B67DE5F625040DF60050C204 /* LaunchScreen.storyboard in Resources */ = {isa = PBXBuildFile; fileRef = B67DE5F425040DF60050C204 /* LaunchScreen.storyboard */; };
		B67DE60125040DF60050C204 /* Health_TrackerTests.swift in Sources */ = {isa = PBXBuildFile; fileRef = B67DE60025040DF60050C204 /* Health_TrackerTests.swift */; };
		B67DE60C25040DF60050C204 /* Health_TrackerUITests.swift in Sources */ = {isa = PBXBuildFile; fileRef = B67DE60B25040DF60050C204 /* Health_TrackerUITests.swift */; };
		B67DE6212504191B0050C204 /* MessagesViewController.swift in Sources */ = {isa = PBXBuildFile; fileRef = B67DE6202504191B0050C204 /* MessagesViewController.swift */; };
		B69EBB0325044395005A3AF5 /* headphones.jpg in Resources */ = {isa = PBXBuildFile; fileRef = B69EBB0225044395005A3AF5 /* headphones.jpg */; };
		B69EBB052504464A005A3AF5 /* meditation.jpg in Resources */ = {isa = PBXBuildFile; fileRef = B69EBB042504464A005A3AF5 /* meditation.jpg */; };
		B69EBB0725044654005A3AF5 /* fitness.jpg in Resources */ = {isa = PBXBuildFile; fileRef = B69EBB0625044654005A3AF5 /* fitness.jpg */; };
		B69EBB09250446C4005A3AF5 /* studytips.jpg in Resources */ = {isa = PBXBuildFile; fileRef = B69EBB08250446C4005A3AF5 /* studytips.jpg */; };
		B69EBB0B250446CC005A3AF5 /* food.jpg in Resources */ = {isa = PBXBuildFile; fileRef = B69EBB0A250446CC005A3AF5 /* food.jpg */; };
		B69EBB0D25044735005A3AF5 /* stayconnected.jpeg in Resources */ = {isa = PBXBuildFile; fileRef = B69EBB0C25044735005A3AF5 /* stayconnected.jpeg */; };
		B69EBB0F25044CC4005A3AF5 /* zoom.jpeg in Resources */ = {isa = PBXBuildFile; fileRef = B69EBB0E25044CC4005A3AF5 /* zoom.jpeg */; };
		B69EBB11250460F1005A3AF5 /* boxunchecked.jpg in Resources */ = {isa = PBXBuildFile; fileRef = B69EBB10250460F1005A3AF5 /* boxunchecked.jpg */; };
		B69EBB1325046B12005A3AF5 /* boxChecked.jpg in Resources */ = {isa = PBXBuildFile; fileRef = B69EBB1225046B12005A3AF5 /* boxChecked.jpg */; };
		B69EBB1625048B85005A3AF5 /* Cell.swift in Sources */ = {isa = PBXBuildFile; fileRef = B69EBB1425048B85005A3AF5 /* Cell.swift */; };
		B69EBB1725048B85005A3AF5 /* Cell.xib in Resources */ = {isa = PBXBuildFile; fileRef = B69EBB1525048B85005A3AF5 /* Cell.xib */; };
		B69EBB1925049544005A3AF5 /* newbox.png in Resources */ = {isa = PBXBuildFile; fileRef = B69EBB1825049544005A3AF5 /* newbox.png */; };
		B69EBB1D2504A428005A3AF5 /* resizedcheck.png in Resources */ = {isa = PBXBuildFile; fileRef = B69EBB1C2504A428005A3AF5 /* resizedcheck.png */; };
		B69EBB252504BB64005A3AF5 /* cartoonphone.png in Resources */ = {isa = PBXBuildFile; fileRef = B69EBB242504BB64005A3AF5 /* cartoonphone.png */; };
		B69EBB272504BB73005A3AF5 /* stretch.jpg in Resources */ = {isa = PBXBuildFile; fileRef = B69EBB262504BB73005A3AF5 /* stretch.jpg */; };
		B69EBB292504BB7C005A3AF5 /* cup.jpg in Resources */ = {isa = PBXBuildFile; fileRef = B69EBB282504BB7C005A3AF5 /* cup.jpg */; };
/* End PBXBuildFile section */

/* Begin PBXContainerItemProxy section */
		B67DE5FD25040DF60050C204 /* PBXContainerItemProxy */ = {
			isa = PBXContainerItemProxy;
			containerPortal = B67DE5DE25040DF30050C204 /* Project object */;
			proxyType = 1;
			remoteGlobalIDString = B67DE5E525040DF30050C204;
			remoteInfo = "Health Tracker";
		};
		B67DE60825040DF60050C204 /* PBXContainerItemProxy */ = {
			isa = PBXContainerItemProxy;
			containerPortal = B67DE5DE25040DF30050C204 /* Project object */;
			proxyType = 1;
			remoteGlobalIDString = B67DE5E525040DF30050C204;
			remoteInfo = "Health Tracker";
		};
/* End PBXContainerItemProxy section */

/* Begin PBXFileReference section */
		B67DE5E625040DF30050C204 /* Student Health.app */ = {isa = PBXFileReference; explicitFileType = wrapper.application; includeInIndex = 0; path = "Student Health.app"; sourceTree = BUILT_PRODUCTS_DIR; };
		B67DE5E925040DF30050C204 /* AppDelegate.swift */ = {isa = PBXFileReference; lastKnownFileType = sourcecode.swift; path = AppDelegate.swift; sourceTree = "<group>"; };
		B67DE5EB25040DF30050C204 /* SceneDelegate.swift */ = {isa = PBXFileReference; lastKnownFileType = sourcecode.swift; path = SceneDelegate.swift; sourceTree = "<group>"; };
		B67DE5ED25040DF30050C204 /* ViewController.swift */ = {isa = PBXFileReference; lastKnownFileType = sourcecode.swift; path = ViewController.swift; sourceTree = "<group>"; };
		B67DE5F025040DF30050C204 /* Base */ = {isa = PBXFileReference; lastKnownFileType = file.storyboard; name = Base; path = Base.lproj/Main.storyboard; sourceTree = "<group>"; };
		B67DE5F225040DF60050C204 /* Assets.xcassets */ = {isa = PBXFileReference; lastKnownFileType = folder.assetcatalog; path = Assets.xcassets; sourceTree = "<group>"; };
		B67DE5F525040DF60050C204 /* Base */ = {isa = PBXFileReference; lastKnownFileType = file.storyboard; name = Base; path = Base.lproj/LaunchScreen.storyboard; sourceTree = "<group>"; };
		B67DE5F725040DF60050C204 /* Info.plist */ = {isa = PBXFileReference; lastKnownFileType = text.plist.xml; path = Info.plist; sourceTree = "<group>"; };
		B67DE5FC25040DF60050C204 /* Health TrackerTests.xctest */ = {isa = PBXFileReference; explicitFileType = wrapper.cfbundle; includeInIndex = 0; path = "Health TrackerTests.xctest"; sourceTree = BUILT_PRODUCTS_DIR; };
		B67DE60025040DF60050C204 /* Health_TrackerTests.swift */ = {isa = PBXFileReference; lastKnownFileType = sourcecode.swift; path = Health_TrackerTests.swift; sourceTree = "<group>"; };
		B67DE60225040DF60050C204 /* Info.plist */ = {isa = PBXFileReference; lastKnownFileType = text.plist.xml; path = Info.plist; sourceTree = "<group>"; };
		B67DE60725040DF60050C204 /* Health TrackerUITests.xctest */ = {isa = PBXFileReference; explicitFileType = wrapper.cfbundle; includeInIndex = 0; path = "Health TrackerUITests.xctest"; sourceTree = BUILT_PRODUCTS_DIR; };
		B67DE60B25040DF60050C204 /* Health_TrackerUITests.swift */ = {isa = PBXFileReference; lastKnownFileType = sourcecode.swift; path = Health_TrackerUITests.swift; sourceTree = "<group>"; };
		B67DE60D25040DF60050C204 /* Info.plist */ = {isa = PBXFileReference; lastKnownFileType = text.plist.xml; path = Info.plist; sourceTree = "<group>"; };
		B67DE6202504191B0050C204 /* MessagesViewController.swift */ = {isa = PBXFileReference; lastKnownFileType = sourcecode.swift; path = MessagesViewController.swift; sourceTree = "<group>"; };
		B69EBB0225044395005A3AF5 /* headphones.jpg */ = {isa = PBXFileReference; lastKnownFileType = image.jpeg; path = headphones.jpg; sourceTree = "<group>"; };
		B69EBB042504464A005A3AF5 /* meditation.jpg */ = {isa = PBXFileReference; lastKnownFileType = image.jpeg; path = meditation.jpg; sourceTree = "<group>"; };
		B69EBB0625044654005A3AF5 /* fitness.jpg */ = {isa = PBXFileReference; lastKnownFileType = image.jpeg; path = fitness.jpg; sourceTree = "<group>"; };
		B69EBB08250446C4005A3AF5 /* studytips.jpg */ = {isa = PBXFileReference; lastKnownFileType = image.jpeg; path = studytips.jpg; sourceTree = "<group>"; };
		B69EBB0A250446CC005A3AF5 /* food.jpg */ = {isa = PBXFileReference; lastKnownFileType = image.jpeg; path = food.jpg; sourceTree = "<group>"; };
		B69EBB0C25044735005A3AF5 /* stayconnected.jpeg */ = {isa = PBXFileReference; lastKnownFileType = image.jpeg; path = stayconnected.jpeg; sourceTree = "<group>"; };
		B69EBB0E25044CC4005A3AF5 /* zoom.jpeg */ = {isa = PBXFileReference; lastKnownFileType = image.jpeg; path = zoom.jpeg; sourceTree = "<group>"; };
		B69EBB10250460F1005A3AF5 /* boxunchecked.jpg */ = {isa = PBXFileReference; lastKnownFileType = image.jpeg; path = boxunchecked.jpg; sourceTree = "<group>"; };
		B69EBB1225046B12005A3AF5 /* boxChecked.jpg */ = {isa = PBXFileReference; lastKnownFileType = image.jpeg; path = boxChecked.jpg; sourceTree = "<group>"; };
		B69EBB1425048B85005A3AF5 /* Cell.swift */ = {isa = PBXFileReference; lastKnownFileType = sourcecode.swift; path = Cell.swift; sourceTree = "<group>"; };
		B69EBB1525048B85005A3AF5 /* Cell.xib */ = {isa = PBXFileReference; lastKnownFileType = file.xib; path = Cell.xib; sourceTree = "<group>"; };
		B69EBB1825049544005A3AF5 /* newbox.png */ = {isa = PBXFileReference; lastKnownFileType = image.png; path = newbox.png; sourceTree = "<group>"; };
		B69EBB1C2504A428005A3AF5 /* resizedcheck.png */ = {isa = PBXFileReference; lastKnownFileType = image.png; path = resizedcheck.png; sourceTree = "<group>"; };
		B69EBB242504BB64005A3AF5 /* cartoonphone.png */ = {isa = PBXFileReference; lastKnownFileType = image.png; path = cartoonphone.png; sourceTree = "<group>"; };
		B69EBB262504BB73005A3AF5 /* stretch.jpg */ = {isa = PBXFileReference; lastKnownFileType = image.jpeg; path = stretch.jpg; sourceTree = "<group>"; };
		B69EBB282504BB7C005A3AF5 /* cup.jpg */ = {isa = PBXFileReference; lastKnownFileType = image.jpeg; path = cup.jpg; sourceTree = "<group>"; };
/* End PBXFileReference section */

/* Begin PBXFrameworksBuildPhase section */
		B67DE5E325040DF30050C204 /* Frameworks */ = {
			isa = PBXFrameworksBuildPhase;
			buildActionMask = 2147483647;
			files = (
			);
			runOnlyForDeploymentPostprocessing = 0;
		};
		B67DE5F925040DF60050C204 /* Frameworks */ = {
			isa = PBXFrameworksBuildPhase;
			buildActionMask = 2147483647;
			files = (
			);
			runOnlyForDeploymentPostprocessing = 0;
		};
		B67DE60425040DF60050C204 /* Frameworks */ = {
			isa = PBXFrameworksBuildPhase;
			buildActionMask = 2147483647;
			files = (
			);
			runOnlyForDeploymentPostprocessing = 0;
		};
/* End PBXFrameworksBuildPhase section */

/* Begin PBXGroup section */
		B67DE5DD25040DF30050C204 = {
			isa = PBXGroup;
			children = (
				B67DE5E825040DF30050C204 /* Health Tracker */,
				B67DE5FF25040DF60050C204 /* Health TrackerTests */,
				B67DE60A25040DF60050C204 /* Health TrackerUITests */,
				B67DE5E725040DF30050C204 /* Products */,
			);
			sourceTree = "<group>";
		};
		B67DE5E725040DF30050C204 /* Products */ = {
			isa = PBXGroup;
			children = (
				B67DE5E625040DF30050C204 /* Student Health.app */,
				B67DE5FC25040DF60050C204 /* Health TrackerTests.xctest */,
				B67DE60725040DF60050C204 /* Health TrackerUITests.xctest */,
			);
			name = Products;
			sourceTree = "<group>";
		};
		B67DE5E825040DF30050C204 /* Health Tracker */ = {
			isa = PBXGroup;
			children = (
				B67DE5E925040DF30050C204 /* AppDelegate.swift */,
				B67DE5EB25040DF30050C204 /* SceneDelegate.swift */,
				B67DE61925040E2F0050C204 /* Controller */,
				B67DE5EF25040DF30050C204 /* Main.storyboard */,
				B67DE5F225040DF60050C204 /* Assets.xcassets */,
				B69EBB242504BB64005A3AF5 /* cartoonphone.png */,
				B69EBB262504BB73005A3AF5 /* stretch.jpg */,
				B69EBB282504BB7C005A3AF5 /* cup.jpg */,
				B69EBB1C2504A428005A3AF5 /* resizedcheck.png */,
				B69EBB0E25044CC4005A3AF5 /* zoom.jpeg */,
				B69EBB1825049544005A3AF5 /* newbox.png */,
				B69EBB10250460F1005A3AF5 /* boxunchecked.jpg */,
				B69EBB1225046B12005A3AF5 /* boxChecked.jpg */,
				B69EBB042504464A005A3AF5 /* meditation.jpg */,
				B69EBB0C25044735005A3AF5 /* stayconnected.jpeg */,
				B69EBB0A250446CC005A3AF5 /* food.jpg */,
				B69EBB08250446C4005A3AF5 /* studytips.jpg */,
				B69EBB0625044654005A3AF5 /* fitness.jpg */,
				B69EBB0225044395005A3AF5 /* headphones.jpg */,
				B67DE5F425040DF60050C204 /* LaunchScreen.storyboard */,
				B67DE5F725040DF60050C204 /* Info.plist */,
			);
			path = "Health Tracker";
			sourceTree = "<group>";
		};
		B67DE5FF25040DF60050C204 /* Health TrackerTests */ = {
			isa = PBXGroup;
			children = (
				B67DE60025040DF60050C204 /* Health_TrackerTests.swift */,
				B67DE60225040DF60050C204 /* Info.plist */,
			);
			path = "Health TrackerTests";
			sourceTree = "<group>";
		};
		B67DE60A25040DF60050C204 /* Health TrackerUITests */ = {
			isa = PBXGroup;
			children = (
				B67DE60B25040DF60050C204 /* Health_TrackerUITests.swift */,
				B67DE60D25040DF60050C204 /* Info.plist */,
			);
			path = "Health TrackerUITests";
			sourceTree = "<group>";
		};
		B67DE61925040E2F0050C204 /* Controller */ = {
			isa = PBXGroup;
			children = (
				B67DE5ED25040DF30050C204 /* ViewController.swift */,
				B67DE6202504191B0050C204 /* MessagesViewController.swift */,
				B69EBB1425048B85005A3AF5 /* Cell.swift */,
				B69EBB1525048B85005A3AF5 /* Cell.xib */,
			);
			path = Controller;
			sourceTree = "<group>";
		};
/* End PBXGroup section */

/* Begin PBXNativeTarget section */
		B67DE5E525040DF30050C204 /* Health Tracker */ = {
			isa = PBXNativeTarget;
			buildConfigurationList = B67DE61025040DF60050C204 /* Build configuration list for PBXNativeTarget "Health Tracker" */;
			buildPhases = (
				B67DE5E225040DF30050C204 /* Sources */,
				B67DE5E325040DF30050C204 /* Frameworks */,
				B67DE5E425040DF30050C204 /* Resources */,
			);
			buildRules = (
			);
			dependencies = (
			);
			name = "Health Tracker";
			productName = "Health Tracker";
			productReference = B67DE5E625040DF30050C204 /* Student Health.app */;
			productType = "com.apple.product-type.application";
		};
		B67DE5FB25040DF60050C204 /* Health TrackerTests */ = {
			isa = PBXNativeTarget;
			buildConfigurationList = B67DE61325040DF60050C204 /* Build configuration list for PBXNativeTarget "Health TrackerTests" */;
			buildPhases = (
				B67DE5F825040DF60050C204 /* Sources */,
				B67DE5F925040DF60050C204 /* Frameworks */,
				B67DE5FA25040DF60050C204 /* Resources */,
			);
			buildRules = (
			);
			dependencies = (
				B67DE5FE25040DF60050C204 /* PBXTargetDependency */,
			);
			name = "Health TrackerTests";
			productName = "Health TrackerTests";
			productReference = B67DE5FC25040DF60050C204 /* Health TrackerTests.xctest */;
			productType = "com.apple.product-type.bundle.unit-test";
		};
		B67DE60625040DF60050C204 /* Health TrackerUITests */ = {
			isa = PBXNativeTarget;
			buildConfigurationList = B67DE61625040DF60050C204 /* Build configuration list for PBXNativeTarget "Health TrackerUITests" */;
			buildPhases = (
				B67DE60325040DF60050C204 /* Sources */,
				B67DE60425040DF60050C204 /* Frameworks */,
				B67DE60525040DF60050C204 /* Resources */,
			);
			buildRules = (
			);
			dependencies = (
				B67DE60925040DF60050C204 /* PBXTargetDependency */,
			);
			name = "Health TrackerUITests";
			productName = "Health TrackerUITests";
			productReference = B67DE60725040DF60050C204 /* Health TrackerUITests.xctest */;
			productType = "com.apple.product-type.bundle.ui-testing";
		};
/* End PBXNativeTarget section */

/* Begin PBXProject section */
		B67DE5DE25040DF30050C204 /* Project object */ = {
			isa = PBXProject;
			attributes = {
				LastSwiftUpdateCheck = 1170;
				LastUpgradeCheck = 1170;
				ORGANIZATIONNAME = "Katherine Sullivan";
				TargetAttributes = {
					B67DE5E525040DF30050C204 = {
						CreatedOnToolsVersion = 11.7;
					};
					B67DE5FB25040DF60050C204 = {
						CreatedOnToolsVersion = 11.7;
						TestTargetID = B67DE5E525040DF30050C204;
					};
					B67DE60625040DF60050C204 = {
						CreatedOnToolsVersion = 11.7;
						TestTargetID = B67DE5E525040DF30050C204;
					};
				};
			};
			buildConfigurationList = B67DE5E125040DF30050C204 /* Build configuration list for PBXProject "Health Tracker" */;
			compatibilityVersion = "Xcode 9.3";
			developmentRegion = en;
			hasScannedForEncodings = 0;
			knownRegions = (
				en,
				Base,
			);
			mainGroup = B67DE5DD25040DF30050C204;
			productRefGroup = B67DE5E725040DF30050C204 /* Products */;
			projectDirPath = "";
			projectRoot = "";
			targets = (
				B67DE5E525040DF30050C204 /* Health Tracker */,
				B67DE5FB25040DF60050C204 /* Health TrackerTests */,
				B67DE60625040DF60050C204 /* Health TrackerUITests */,
			);
		};
/* End PBXProject section */

/* Begin PBXResourcesBuildPhase section */
		B67DE5E425040DF30050C204 /* Resources */ = {
			isa = PBXResourcesBuildPhase;
			buildActionMask = 2147483647;
			files = (
				B67DE5F625040DF60050C204 /* LaunchScreen.storyboard in Resources */,
				B69EBB0725044654005A3AF5 /* fitness.jpg in Resources */,
				B69EBB272504BB73005A3AF5 /* stretch.jpg in Resources */,
				B69EBB1925049544005A3AF5 /* newbox.png in Resources */,
				B69EBB252504BB64005A3AF5 /* cartoonphone.png in Resources */,
				B69EBB0D25044735005A3AF5 /* stayconnected.jpeg in Resources */,
				B69EBB1725048B85005A3AF5 /* Cell.xib in Resources */,
				B69EBB0325044395005A3AF5 /* headphones.jpg in Resources */,
				B69EBB1D2504A428005A3AF5 /* resizedcheck.png in Resources */,
				B67DE5F325040DF60050C204 /* Assets.xcassets in Resources */,
				B69EBB0B250446CC005A3AF5 /* food.jpg in Resources */,
				B69EBB052504464A005A3AF5 /* meditation.jpg in Resources */,
				B69EBB292504BB7C005A3AF5 /* cup.jpg in Resources */,
				B69EBB09250446C4005A3AF5 /* studytips.jpg in Resources */,
				B69EBB1325046B12005A3AF5 /* boxChecked.jpg in Resources */,
				B67DE5F125040DF30050C204 /* Main.storyboard in Resources */,
				B69EBB11250460F1005A3AF5 /* boxunchecked.jpg in Resources */,
				B69EBB0F25044CC4005A3AF5 /* zoom.jpeg in Resources */,
			);
			runOnlyForDeploymentPostprocessing = 0;
		};
		B67DE5FA25040DF60050C204 /* Resources */ = {
			isa = PBXResourcesBuildPhase;
			buildActionMask = 2147483647;
			files = (
			);
			runOnlyForDeploymentPostprocessing = 0;
		};
		B67DE60525040DF60050C204 /* Resources */ = {
			isa = PBXResourcesBuildPhase;
			buildActionMask = 2147483647;
			files = (
			);
			runOnlyForDeploymentPostprocessing = 0;
		};
/* End PBXResourcesBuildPhase section */

/* Begin PBXSourcesBuildPhase section */
		B67DE5E225040DF30050C204 /* Sources */ = {
			isa = PBXSourcesBuildPhase;
			buildActionMask = 2147483647;
			files = (
				B67DE5EE25040DF30050C204 /* ViewController.swift in Sources */,
				B67DE5EA25040DF30050C204 /* AppDelegate.swift in Sources */,
				B67DE6212504191B0050C204 /* MessagesViewController.swift in Sources */,
				B67DE5EC25040DF30050C204 /* SceneDelegate.swift in Sources */,
				B69EBB1625048B85005A3AF5 /* Cell.swift in Sources */,
			);
			runOnlyForDeploymentPostprocessing = 0;
		};
		B67DE5F825040DF60050C204 /* Sources */ = {
			isa = PBXSourcesBuildPhase;
			buildActionMask = 2147483647;
			files = (
				B67DE60125040DF60050C204 /* Health_TrackerTests.swift in Sources */,
			);
			runOnlyForDeploymentPostprocessing = 0;
		};
		B67DE60325040DF60050C204 /* Sources */ = {
			isa = PBXSourcesBuildPhase;
			buildActionMask = 2147483647;
			files = (
				B67DE60C25040DF60050C204 /* Health_TrackerUITests.swift in Sources */,
			);
			runOnlyForDeploymentPostprocessing = 0;
		};
/* End PBXSourcesBuildPhase section */

/* Begin PBXTargetDependency section */
		B67DE5FE25040DF60050C204 /* PBXTargetDependency */ = {
			isa = PBXTargetDependency;
			target = B67DE5E525040DF30050C204 /* Health Tracker */;
			targetProxy = B67DE5FD25040DF60050C204 /* PBXContainerItemProxy */;
		};
		B67DE60925040DF60050C204 /* PBXTargetDependency */ = {
			isa = PBXTargetDependency;
			target = B67DE5E525040DF30050C204 /* Health Tracker */;
			targetProxy = B67DE60825040DF60050C204 /* PBXContainerItemProxy */;
		};
/* End PBXTargetDependency section */

/* Begin PBXVariantGroup section */
		B67DE5EF25040DF30050C204 /* Main.storyboard */ = {
			isa = PBXVariantGroup;
			children = (
				B67DE5F025040DF30050C204 /* Base */,
			);
			name = Main.storyboard;
			sourceTree = "<group>";
		};
		B67DE5F425040DF60050C204 /* LaunchScreen.storyboard */ = {
			isa = PBXVariantGroup;
			children = (
				B67DE5F525040DF60050C204 /* Base */,
			);
			name = LaunchScreen.storyboard;
			sourceTree = "<group>";
		};
/* End PBXVariantGroup section */

/* Begin XCBuildConfiguration section */
		B67DE60E25040DF60050C204 /* Debug */ = {
			isa = XCBuildConfiguration;
			buildSettings = {
				ALWAYS_SEARCH_USER_PATHS = NO;
				CLANG_ANALYZER_NONNULL = YES;
				CLANG_ANALYZER_NUMBER_OBJECT_CONVERSION = YES_AGGRESSIVE;
				CLANG_CXX_LANGUAGE_STANDARD = "gnu++14";
				CLANG_CXX_LIBRARY = "libc++";
				CLANG_ENABLE_MODULES = YES;
				CLANG_ENABLE_OBJC_ARC = YES;
				CLANG_ENABLE_OBJC_WEAK = YES;
				CLANG_WARN_BLOCK_CAPTURE_AUTORELEASING = YES;
				CLANG_WARN_BOOL_CONVERSION = YES;
				CLANG_WARN_COMMA = YES;
				CLANG_WARN_CONSTANT_CONVERSION = YES;
				CLANG_WARN_DEPRECATED_OBJC_IMPLEMENTATIONS = YES;
				CLANG_WARN_DIRECT_OBJC_ISA_USAGE = YES_ERROR;
				CLANG_WARN_DOCUMENTATION_COMMENTS = YES;
				CLANG_WARN_EMPTY_BODY = YES;
				CLANG_WARN_ENUM_CONVERSION = YES;
				CLANG_WARN_INFINITE_RECURSION = YES;
				CLANG_WARN_INT_CONVERSION = YES;
				CLANG_WARN_NON_LITERAL_NULL_CONVERSION = YES;
				CLANG_WARN_OBJC_IMPLICIT_RETAIN_SELF = YES;
				CLANG_WARN_OBJC_LITERAL_CONVERSION = YES;
				CLANG_WARN_OBJC_ROOT_CLASS = YES_ERROR;
				CLANG_WARN_RANGE_LOOP_ANALYSIS = YES;
				CLANG_WARN_STRICT_PROTOTYPES = YES;
				CLANG_WARN_SUSPICIOUS_MOVE = YES;
				CLANG_WARN_UNGUARDED_AVAILABILITY = YES_AGGRESSIVE;
				CLANG_WARN_UNREACHABLE_CODE = YES;
				CLANG_WARN__DUPLICATE_METHOD_MATCH = YES;
				COPY_PHASE_STRIP = NO;
				DEBUG_INFORMATION_FORMAT = dwarf;
				ENABLE_STRICT_OBJC_MSGSEND = YES;
				ENABLE_TESTABILITY = YES;
				GCC_C_LANGUAGE_STANDARD = gnu11;
				GCC_DYNAMIC_NO_PIC = NO;
				GCC_NO_COMMON_BLOCKS = YES;
				GCC_OPTIMIZATION_LEVEL = 0;
				GCC_PREPROCESSOR_DEFINITIONS = (
					"DEBUG=1",
					"$(inherited)",
				);
				GCC_WARN_64_TO_32_BIT_CONVERSION = YES;
				GCC_WARN_ABOUT_RETURN_TYPE = YES_ERROR;
				GCC_WARN_UNDECLARED_SELECTOR = YES;
				GCC_WARN_UNINITIALIZED_AUTOS = YES_AGGRESSIVE;
				GCC_WARN_UNUSED_FUNCTION = YES;
				GCC_WARN_UNUSED_VARIABLE = YES;
				IPHONEOS_DEPLOYMENT_TARGET = 13.7;
				MTL_ENABLE_DEBUG_INFO = INCLUDE_SOURCE;
				MTL_FAST_MATH = YES;
				ONLY_ACTIVE_ARCH = YES;
				SDKROOT = iphoneos;
				SWIFT_ACTIVE_COMPILATION_CONDITIONS = DEBUG;
				SWIFT_OPTIMIZATION_LEVEL = "-Onone";
			};
			name = Debug;
		};
		B67DE60F25040DF60050C204 /* Release */ = {
			isa = XCBuildConfiguration;
			buildSettings = {
				ALWAYS_SEARCH_USER_PATHS = NO;
				CLANG_ANALYZER_NONNULL = YES;
				CLANG_ANALYZER_NUMBER_OBJECT_CONVERSION = YES_AGGRESSIVE;
				CLANG_CXX_LANGUAGE_STANDARD = "gnu++14";
				CLANG_CXX_LIBRARY = "libc++";
				CLANG_ENABLE_MODULES = YES;
				CLANG_ENABLE_OBJC_ARC = YES;
				CLANG_ENABLE_OBJC_WEAK = YES;
				CLANG_WARN_BLOCK_CAPTURE_AUTORELEASING = YES;
				CLANG_WARN_BOOL_CONVERSION = YES;
				CLANG_WARN_COMMA = YES;
				CLANG_WARN_CONSTANT_CONVERSION = YES;
				CLANG_WARN_DEPRECATED_OBJC_IMPLEMENTATIONS = YES;
				CLANG_WARN_DIRECT_OBJC_ISA_USAGE = YES_ERROR;
				CLANG_WARN_DOCUMENTATION_COMMENTS = YES;
				CLANG_WARN_EMPTY_BODY = YES;
				CLANG_WARN_ENUM_CONVERSION = YES;
				CLANG_WARN_INFINITE_RECURSION = YES;
				CLANG_WARN_INT_CONVERSION = YES;
				CLANG_WARN_NON_LITERAL_NULL_CONVERSION = YES;
				CLANG_WARN_OBJC_IMPLICIT_RETAIN_SELF = YES;
				CLANG_WARN_OBJC_LITERAL_CONVERSION = YES;
				CLANG_WARN_OBJC_ROOT_CLASS = YES_ERROR;
				CLANG_WARN_RANGE_LOOP_ANALYSIS = YES;
				CLANG_WARN_STRICT_PROTOTYPES = YES;
				CLANG_WARN_SUSPICIOUS_MOVE = YES;
				CLANG_WARN_UNGUARDED_AVAILABILITY = YES_AGGRESSIVE;
				CLANG_WARN_UNREACHABLE_CODE = YES;
				CLANG_WARN__DUPLICATE_METHOD_MATCH = YES;
				COPY_PHASE_STRIP = NO;
				DEBUG_INFORMATION_FORMAT = "dwarf-with-dsym";
				ENABLE_NS_ASSERTIONS = NO;
				ENABLE_STRICT_OBJC_MSGSEND = YES;
				GCC_C_LANGUAGE_STANDARD = gnu11;
				GCC_NO_COMMON_BLOCKS = YES;
				GCC_WARN_64_TO_32_BIT_CONVERSION = YES;
				GCC_WARN_ABOUT_RETURN_TYPE = YES_ERROR;
				GCC_WARN_UNDECLARED_SELECTOR = YES;
				GCC_WARN_UNINITIALIZED_AUTOS = YES_AGGRESSIVE;
				GCC_WARN_UNUSED_FUNCTION = YES;
				GCC_WARN_UNUSED_VARIABLE = YES;
				IPHONEOS_DEPLOYMENT_TARGET = 13.7;
				MTL_ENABLE_DEBUG_INFO = NO;
				MTL_FAST_MATH = YES;
				SDKROOT = iphoneos;
				SWIFT_COMPILATION_MODE = wholemodule;
				SWIFT_OPTIMIZATION_LEVEL = "-O";
				VALIDATE_PRODUCT = YES;
			};
			name = Release;
		};
		B67DE61125040DF60050C204 /* Debug */ = {
			isa = XCBuildConfiguration;
			buildSettings = {
				ASSETCATALOG_COMPILER_APPICON_NAME = AppIcon;
				CODE_SIGN_STYLE = Automatic;
				DEVELOPMENT_TEAM = WWYNXUJR8N;
				INFOPLIST_FILE = "Health Tracker/Info.plist";
				LD_RUNPATH_SEARCH_PATHS = (
					"$(inherited)",
					"@executable_path/Frameworks",
				);
				PRODUCT_BUNDLE_IDENTIFIER = "sullyenterprises.Health-Tracker";
				PRODUCT_NAME = "Student Health";
				SWIFT_VERSION = 5.0;
				TARGETED_DEVICE_FAMILY = "1,2";
			};
			name = Debug;
		};
		B67DE61225040DF60050C204 /* Release */ = {
			isa = XCBuildConfiguration;
			buildSettings = {
				ASSETCATALOG_COMPILER_APPICON_NAME = AppIcon;
				CODE_SIGN_STYLE = Automatic;
				DEVELOPMENT_TEAM = WWYNXUJR8N;
				INFOPLIST_FILE = "Health Tracker/Info.plist";
				LD_RUNPATH_SEARCH_PATHS = (
					"$(inherited)",
					"@executable_path/Frameworks",
				);
				PRODUCT_BUNDLE_IDENTIFIER = "sullyenterprises.Health-Tracker";
				PRODUCT_NAME = "Student Health";
				SWIFT_VERSION = 5.0;
				TARGETED_DEVICE_FAMILY = "1,2";
			};
			name = Release;
		};
		B67DE61425040DF60050C204 /* Debug */ = {
			isa = XCBuildConfiguration;
			buildSettings = {
				ALWAYS_EMBED_SWIFT_STANDARD_LIBRARIES = YES;
				BUNDLE_LOADER = "$(TEST_HOST)";
				CODE_SIGN_STYLE = Automatic;
				INFOPLIST_FILE = "Health TrackerTests/Info.plist";
				IPHONEOS_DEPLOYMENT_TARGET = 13.7;
				LD_RUNPATH_SEARCH_PATHS = (
					"$(inherited)",
					"@executable_path/Frameworks",
					"@loader_path/Frameworks",
				);
				PRODUCT_BUNDLE_IDENTIFIER = "sullyenterprises.Health-TrackerTests";
				PRODUCT_NAME = "$(TARGET_NAME)";
				SWIFT_VERSION = 5.0;
				TARGETED_DEVICE_FAMILY = "1,2";
				TEST_HOST = "$(BUILT_PRODUCTS_DIR)/Health Tracker.app/Health Tracker";
			};
			name = Debug;
		};
		B67DE61525040DF60050C204 /* Release */ = {
			isa = XCBuildConfiguration;
			buildSettings = {
				ALWAYS_EMBED_SWIFT_STANDARD_LIBRARIES = YES;
				BUNDLE_LOADER = "$(TEST_HOST)";
				CODE_SIGN_STYLE = Automatic;
				INFOPLIST_FILE = "Health TrackerTests/Info.plist";
				IPHONEOS_DEPLOYMENT_TARGET = 13.7;
				LD_RUNPATH_SEARCH_PATHS = (
					"$(inherited)",
					"@executable_path/Frameworks",
					"@loader_path/Frameworks",
				);
				PRODUCT_BUNDLE_IDENTIFIER = "sullyenterprises.Health-TrackerTests";
				PRODUCT_NAME = "$(TARGET_NAME)";
				SWIFT_VERSION = 5.0;
				TARGETED_DEVICE_FAMILY = "1,2";
				TEST_HOST = "$(BUILT_PRODUCTS_DIR)/Health Tracker.app/Health Tracker";
			};
			name = Release;
		};
		B67DE61725040DF60050C204 /* Debug */ = {
			isa = XCBuildConfiguration;
			buildSettings = {
				ALWAYS_EMBED_SWIFT_STANDARD_LIBRARIES = YES;
				CODE_SIGN_STYLE = Automatic;
				INFOPLIST_FILE = "Health TrackerUITests/Info.plist";
				LD_RUNPATH_SEARCH_PATHS = (
					"$(inherited)",
					"@executable_path/Frameworks",
					"@loader_path/Frameworks",
				);
				PRODUCT_BUNDLE_IDENTIFIER = "sullyenterprises.Health-TrackerUITests";
				PRODUCT_NAME = "$(TARGET_NAME)";
				SWIFT_VERSION = 5.0;
				TARGETED_DEVICE_FAMILY = "1,2";
				TEST_TARGET_NAME = "Health Tracker";
			};
			name = Debug;
		};
		B67DE61825040DF60050C204 /* Release */ = {
			isa = XCBuildConfiguration;
			buildSettings = {
				ALWAYS_EMBED_SWIFT_STANDARD_LIBRARIES = YES;
				CODE_SIGN_STYLE = Automatic;
				INFOPLIST_FILE = "Health TrackerUITests/Info.plist";
				LD_RUNPATH_SEARCH_PATHS = (
					"$(inherited)",
					"@executable_path/Frameworks",
					"@loader_path/Frameworks",
				);
				PRODUCT_BUNDLE_IDENTIFIER = "sullyenterprises.Health-TrackerUITests";
				PRODUCT_NAME = "$(TARGET_NAME)";
				SWIFT_VERSION = 5.0;
				TARGETED_DEVICE_FAMILY = "1,2";
				TEST_TARGET_NAME = "Health Tracker";
			};
			name = Release;
		};
/* End XCBuildConfiguration section */

/* Begin XCConfigurationList section */
		B67DE5E125040DF30050C204 /* Build configuration list for PBXProject "Health Tracker" */ = {
			isa = XCConfigurationList;
			buildConfigurations = (
				B67DE60E25040DF60050C204 /* Debug */,
				B67DE60F25040DF60050C204 /* Release */,
			);
			defaultConfigurationIsVisible = 0;
			defaultConfigurationName = Release;
		};
		B67DE61025040DF60050C204 /* Build configuration list for PBXNativeTarget "Health Tracker" */ = {
			isa = XCConfigurationList;
			buildConfigurations = (
				B67DE61125040DF60050C204 /* Debug */,
				B67DE61225040DF60050C204 /* Release */,
			);
			defaultConfigurationIsVisible = 0;
			defaultConfigurationName = Release;
		};
		B67DE61325040DF60050C204 /* Build configuration list for PBXNativeTarget "Health TrackerTests" */ = {
			isa = XCConfigurationList;
			buildConfigurations = (
				B67DE61425040DF60050C204 /* Debug */,
				B67DE61525040DF60050C204 /* Release */,
			);
			defaultConfigurationIsVisible = 0;
			defaultConfigurationName = Release;
		};
		B67DE61625040DF60050C204 /* Build configuration list for PBXNativeTarget "Health TrackerUITests" */ = {
			isa = XCConfigurationList;
			buildConfigurations = (
				B67DE61725040DF60050C204 /* Debug */,
				B67DE61825040DF60050C204 /* Release */,
			);
			defaultConfigurationIsVisible = 0;
			defaultConfigurationName = Release;
		};
/* End XCConfigurationList section */
	};
	rootObject = B67DE5DE25040DF30050C204 /* Project object */;
}
